// !$*UTF8*$!
{
	archiveVersion = 1;
	classes = {
	};
	objectVersion = 56;
	objects = {

/* Begin PBXBuildFile section */
		051F428C2C2E15A5005A30A5 /* SetGameApp.swift in Sources */ = {isa = PBXBuildFile; fileRef = 051F428B2C2E15A5005A30A5 /* SetGameApp.swift */; };
		051F428E2C2E15A5005A30A5 /* SetGameView.swift in Sources */ = {isa = PBXBuildFile; fileRef = 051F428D2C2E15A5005A30A5 /* SetGameView.swift */; };
		051F42902C2E15A6005A30A5 /* Assets.xcassets in Resources */ = {isa = PBXBuildFile; fileRef = 051F428F2C2E15A6005A30A5 /* Assets.xcassets */; };
		051F42932C2E15A6005A30A5 /* Preview Assets.xcassets in Resources */ = {isa = PBXBuildFile; fileRef = 051F42922C2E15A6005A30A5 /* Preview Assets.xcassets */; };
		051F429D2C2E15A6005A30A5 /* SetGameTests.swift in Sources */ = {isa = PBXBuildFile; fileRef = 051F429C2C2E15A6005A30A5 /* SetGameTests.swift */; };
		051F42A72C2E15A6005A30A5 /* SetGameUITests.swift in Sources */ = {isa = PBXBuildFile; fileRef = 051F42A62C2E15A6005A30A5 /* SetGameUITests.swift */; };
		051F42A92C2E15A6005A30A5 /* SetGameUITestsLaunchTests.swift in Sources */ = {isa = PBXBuildFile; fileRef = 051F42A82C2E15A6005A30A5 /* SetGameUITestsLaunchTests.swift */; };
		051F42B62C2E203E005A30A5 /* DiamondShape.swift in Sources */ = {isa = PBXBuildFile; fileRef = 051F42B52C2E203E005A30A5 /* DiamondShape.swift */; };
		052F3F912C349EFB0057785B /* Cardify.swift in Sources */ = {isa = PBXBuildFile; fileRef = 052F3F902C349EFB0057785B /* Cardify.swift */; };
		052F3FA12C34B3290057785B /* SetGameModel.swift in Sources */ = {isa = PBXBuildFile; fileRef = 052F3FA02C34B3290057785B /* SetGameModel.swift */; };
		052F3FA32C34BB180057785B /* CardProperties.swift in Sources */ = {isa = PBXBuildFile; fileRef = 052F3FA22C34BB180057785B /* CardProperties.swift */; };
		052F3FA52C34BF850057785B /* CardConstructer.swift in Sources */ = {isa = PBXBuildFile; fileRef = 052F3FA42C34BF850057785B /* CardConstructer.swift */; };
		052F3FA72C35F6790057785B /* AspectVGrid.swift in Sources */ = {isa = PBXBuildFile; fileRef = 052F3FA62C35F6790057785B /* AspectVGrid.swift */; };
/* End PBXBuildFile section */

/* Begin PBXContainerItemProxy section */
		051F42992C2E15A6005A30A5 /* PBXContainerItemProxy */ = {
			isa = PBXContainerItemProxy;
			containerPortal = 051F42802C2E15A5005A30A5 /* Project object */;
			proxyType = 1;
			remoteGlobalIDString = 051F42872C2E15A5005A30A5;
			remoteInfo = SetGame;
		};
		051F42A32C2E15A6005A30A5 /* PBXContainerItemProxy */ = {
			isa = PBXContainerItemProxy;
			containerPortal = 051F42802C2E15A5005A30A5 /* Project object */;
			proxyType = 1;
			remoteGlobalIDString = 051F42872C2E15A5005A30A5;
			remoteInfo = SetGame;
		};
/* End PBXContainerItemProxy section */

/* Begin PBXFileReference section */
		051F42882C2E15A5005A30A5 /* SetGame.app */ = {isa = PBXFileReference; explicitFileType = wrapper.application; includeInIndex = 0; path = SetGame.app; sourceTree = BUILT_PRODUCTS_DIR; };
		051F428B2C2E15A5005A30A5 /* SetGameApp.swift */ = {isa = PBXFileReference; lastKnownFileType = sourcecode.swift; path = SetGameApp.swift; sourceTree = "<group>"; };
		051F428D2C2E15A5005A30A5 /* SetGameView.swift */ = {isa = PBXFileReference; lastKnownFileType = sourcecode.swift; path = SetGameView.swift; sourceTree = "<group>"; };
		051F428F2C2E15A6005A30A5 /* Assets.xcassets */ = {isa = PBXFileReference; lastKnownFileType = folder.assetcatalog; path = Assets.xcassets; sourceTree = "<group>"; };
		051F42922C2E15A6005A30A5 /* Preview Assets.xcassets */ = {isa = PBXFileReference; lastKnownFileType = folder.assetcatalog; path = "Preview Assets.xcassets"; sourceTree = "<group>"; };
		051F42982C2E15A6005A30A5 /* SetGameTests.xctest */ = {isa = PBXFileReference; explicitFileType = wrapper.cfbundle; includeInIndex = 0; path = SetGameTests.xctest; sourceTree = BUILT_PRODUCTS_DIR; };
		051F429C2C2E15A6005A30A5 /* SetGameTests.swift */ = {isa = PBXFileReference; lastKnownFileType = sourcecode.swift; path = SetGameTests.swift; sourceTree = "<group>"; };
		051F42A22C2E15A6005A30A5 /* SetGameUITests.xctest */ = {isa = PBXFileReference; explicitFileType = wrapper.cfbundle; includeInIndex = 0; path = SetGameUITests.xctest; sourceTree = BUILT_PRODUCTS_DIR; };
		051F42A62C2E15A6005A30A5 /* SetGameUITests.swift */ = {isa = PBXFileReference; lastKnownFileType = sourcecode.swift; path = SetGameUITests.swift; sourceTree = "<group>"; };
		051F42A82C2E15A6005A30A5 /* SetGameUITestsLaunchTests.swift */ = {isa = PBXFileReference; lastKnownFileType = sourcecode.swift; path = SetGameUITestsLaunchTests.swift; sourceTree = "<group>"; };
		051F42B52C2E203E005A30A5 /* DiamondShape.swift */ = {isa = PBXFileReference; lastKnownFileType = sourcecode.swift; path = DiamondShape.swift; sourceTree = "<group>"; };
		052F3F902C349EFB0057785B /* Cardify.swift */ = {isa = PBXFileReference; lastKnownFileType = sourcecode.swift; path = Cardify.swift; sourceTree = "<group>"; };
		052F3FA02C34B3290057785B /* SetGameModel.swift */ = {isa = PBXFileReference; lastKnownFileType = sourcecode.swift; path = SetGameModel.swift; sourceTree = "<group>"; };
		052F3FA22C34BB180057785B /* CardProperties.swift */ = {isa = PBXFileReference; lastKnownFileType = sourcecode.swift; path = CardProperties.swift; sourceTree = "<group>"; };
		052F3FA42C34BF850057785B /* CardConstructer.swift */ = {isa = PBXFileReference; lastKnownFileType = sourcecode.swift; path = CardConstructer.swift; sourceTree = "<group>"; };
		052F3FA62C35F6790057785B /* AspectVGrid.swift */ = {isa = PBXFileReference; lastKnownFileType = sourcecode.swift; path = AspectVGrid.swift; sourceTree = "<group>"; };
/* End PBXFileReference section */

/* Begin PBXFrameworksBuildPhase section */
		051F42852C2E15A5005A30A5 /* Frameworks */ = {
			isa = PBXFrameworksBuildPhase;
			buildActionMask = 2147483647;
			files = (
			);
			runOnlyForDeploymentPostprocessing = 0;
		};
		051F42952C2E15A6005A30A5 /* Frameworks */ = {
			isa = PBXFrameworksBuildPhase;
			buildActionMask = 2147483647;
			files = (
			);
			runOnlyForDeploymentPostprocessing = 0;
		};
		051F429F2C2E15A6005A30A5 /* Frameworks */ = {
			isa = PBXFrameworksBuildPhase;
			buildActionMask = 2147483647;
			files = (
			);
			runOnlyForDeploymentPostprocessing = 0;
		};
/* End PBXFrameworksBuildPhase section */

/* Begin PBXGroup section */
		051F427F2C2E15A5005A30A5 = {
			isa = PBXGroup;
			children = (
				051F428A2C2E15A5005A30A5 /* SetGame */,
				051F429B2C2E15A6005A30A5 /* SetGameTests */,
				051F42A52C2E15A6005A30A5 /* SetGameUITests */,
				051F42892C2E15A5005A30A5 /* Products */,
			);
			sourceTree = "<group>";
		};
		051F42892C2E15A5005A30A5 /* Products */ = {
			isa = PBXGroup;
			children = (
				051F42882C2E15A5005A30A5 /* SetGame.app */,
				051F42982C2E15A6005A30A5 /* SetGameTests.xctest */,
				051F42A22C2E15A6005A30A5 /* SetGameUITests.xctest */,
			);
			name = Products;
			sourceTree = "<group>";
		};
		051F428A2C2E15A5005A30A5 /* SetGame */ = {
			isa = PBXGroup;
			children = (
				051F428B2C2E15A5005A30A5 /* SetGameApp.swift */,
				051F428D2C2E15A5005A30A5 /* SetGameView.swift */,
				052F3FA02C34B3290057785B /* SetGameModel.swift */,
				051F42912C2E15A6005A30A5 /* Preview Content */,
				051F428F2C2E15A6005A30A5 /* Assets.xcassets */,
				052F3FAC2C374B3B0057785B /* ViewModifier */,
				052F3FAB2C374B170057785B /* ShapeClasses */,
				052F3FA92C374ACA0057785B /* HelperClasses */,
			);
			path = SetGame;
			sourceTree = "<group>";
		};
		051F42912C2E15A6005A30A5 /* Preview Content */ = {
			isa = PBXGroup;
			children = (
				051F42922C2E15A6005A30A5 /* Preview Assets.xcassets */,
			);
			path = "Preview Content";
			sourceTree = "<group>";
		};
		051F429B2C2E15A6005A30A5 /* SetGameTests */ = {
			isa = PBXGroup;
			children = (
				051F429C2C2E15A6005A30A5 /* SetGameTests.swift */,
			);
			path = SetGameTests;
			sourceTree = "<group>";
		};
		051F42A52C2E15A6005A30A5 /* SetGameUITests */ = {
			isa = PBXGroup;
			children = (
				051F42A62C2E15A6005A30A5 /* SetGameUITests.swift */,
				051F42A82C2E15A6005A30A5 /* SetGameUITestsLaunchTests.swift */,
			);
			path = SetGameUITests;
			sourceTree = "<group>";
		};
		052F3FA92C374ACA0057785B /* HelperClasses */ = {
			isa = PBXGroup;
			children = (
				052F3FA22C34BB180057785B /* CardProperties.swift */,
				052F3FA62C35F6790057785B /* AspectVGrid.swift */,
			);
			path = HelperClasses;
			sourceTree = "<group>";
		};
		052F3FAB2C374B170057785B /* ShapeClasses */ = {
			isa = PBXGroup;
			children = (
				051F42B52C2E203E005A30A5 /* DiamondShape.swift */,
			);
			path = ShapeClasses;
			sourceTree = "<group>";
		};
		052F3FAC2C374B3B0057785B /* ViewModifier */ = {
			isa = PBXGroup;
			children = (
				052F3F902C349EFB0057785B /* Cardify.swift */,
				052F3FA42C34BF850057785B /* CardConstructer.swift */,
			);
			path = ViewModifier;
			sourceTree = "<group>";
		};
/* End PBXGroup section */

/* Begin PBXNativeTarget section */
		051F42872C2E15A5005A30A5 /* SetGame */ = {
			isa = PBXNativeTarget;
			buildConfigurationList = 051F42AC2C2E15A6005A30A5 /* Build configuration list for PBXNativeTarget "SetGame" */;
			buildPhases = (
				051F42842C2E15A5005A30A5 /* Sources */,
				051F42852C2E15A5005A30A5 /* Frameworks */,
				051F42862C2E15A5005A30A5 /* Resources */,
			);
			buildRules = (
			);
			dependencies = (
			);
			name = SetGame;
			productName = SetGame;
			productReference = 051F42882C2E15A5005A30A5 /* SetGame.app */;
			productType = "com.apple.product-type.application";
		};
		051F42972C2E15A6005A30A5 /* SetGameTests */ = {
			isa = PBXNativeTarget;
			buildConfigurationList = 051F42AF2C2E15A6005A30A5 /* Build configuration list for PBXNativeTarget "SetGameTests" */;
			buildPhases = (
				051F42942C2E15A6005A30A5 /* Sources */,
				051F42952C2E15A6005A30A5 /* Frameworks */,
				051F42962C2E15A6005A30A5 /* Resources */,
			);
			buildRules = (
			);
			dependencies = (
				051F429A2C2E15A6005A30A5 /* PBXTargetDependency */,
			);
			name = SetGameTests;
			productName = SetGameTests;
			productReference = 051F42982C2E15A6005A30A5 /* SetGameTests.xctest */;
			productType = "com.apple.product-type.bundle.unit-test";
		};
		051F42A12C2E15A6005A30A5 /* SetGameUITests */ = {
			isa = PBXNativeTarget;
			buildConfigurationList = 051F42B22C2E15A6005A30A5 /* Build configuration list for PBXNativeTarget "SetGameUITests" */;
			buildPhases = (
				051F429E2C2E15A6005A30A5 /* Sources */,
				051F429F2C2E15A6005A30A5 /* Frameworks */,
				051F42A02C2E15A6005A30A5 /* Resources */,
			);
			buildRules = (
			);
			dependencies = (
				051F42A42C2E15A6005A30A5 /* PBXTargetDependency */,
			);
			name = SetGameUITests;
			productName = SetGameUITests;
			productReference = 051F42A22C2E15A6005A30A5 /* SetGameUITests.xctest */;
			productType = "com.apple.product-type.bundle.ui-testing";
		};
/* End PBXNativeTarget section */

/* Begin PBXProject section */
		051F42802C2E15A5005A30A5 /* Project object */ = {
			isa = PBXProject;
			attributes = {
				BuildIndependentTargetsInParallel = 1;
				LastSwiftUpdateCheck = 1520;
				LastUpgradeCheck = 1520;
				TargetAttributes = {
					051F42872C2E15A5005A30A5 = {
						CreatedOnToolsVersion = 15.2;
					};
					051F42972C2E15A6005A30A5 = {
						CreatedOnToolsVersion = 15.2;
						TestTargetID = 051F42872C2E15A5005A30A5;
					};
					051F42A12C2E15A6005A30A5 = {
						CreatedOnToolsVersion = 15.2;
						TestTargetID = 051F42872C2E15A5005A30A5;
					};
				};
			};
			buildConfigurationList = 051F42832C2E15A5005A30A5 /* Build configuration list for PBXProject "SetGame" */;
			compatibilityVersion = "Xcode 14.0";
			developmentRegion = en;
			hasScannedForEncodings = 0;
			knownRegions = (
				en,
				Base,
			);
			mainGroup = 051F427F2C2E15A5005A30A5;
			productRefGroup = 051F42892C2E15A5005A30A5 /* Products */;
			projectDirPath = "";
			projectRoot = "";
			targets = (
				051F42872C2E15A5005A30A5 /* SetGame */,
				051F42972C2E15A6005A30A5 /* SetGameTests */,
				051F42A12C2E15A6005A30A5 /* SetGameUITests */,
			);
		};
/* End PBXProject section */

/* Begin PBXResourcesBuildPhase section */
		051F42862C2E15A5005A30A5 /* Resources */ = {
			isa = PBXResourcesBuildPhase;
			buildActionMask = 2147483647;
			files = (
				051F42932C2E15A6005A30A5 /* Preview Assets.xcassets in Resources */,
				051F42902C2E15A6005A30A5 /* Assets.xcassets in Resources */,
			);
			runOnlyForDeploymentPostprocessing = 0;
		};
		051F42962C2E15A6005A30A5 /* Resources */ = {
			isa = PBXResourcesBuildPhase;
			buildActionMask = 2147483647;
			files = (
			);
			runOnlyForDeploymentPostprocessing = 0;
		};
		051F42A02C2E15A6005A30A5 /* Resources */ = {
			isa = PBXResourcesBuildPhase;
			buildActionMask = 2147483647;
			files = (
			);
			runOnlyForDeploymentPostprocessing = 0;
		};
/* End PBXResourcesBuildPhase section */

/* Begin PBXSourcesBuildPhase section */
		051F42842C2E15A5005A30A5 /* Sources */ = {
			isa = PBXSourcesBuildPhase;
			buildActionMask = 2147483647;
			files = (
				052F3FA72C35F6790057785B /* AspectVGrid.swift in Sources */,
				051F42B62C2E203E005A30A5 /* DiamondShape.swift in Sources */,
				052F3FA12C34B3290057785B /* SetGameModel.swift in Sources */,
				051F428E2C2E15A5005A30A5 /* SetGameView.swift in Sources */,
				052F3F912C349EFB0057785B /* Cardify.swift in Sources */,
				052F3FA32C34BB180057785B /* CardProperties.swift in Sources */,
				051F428C2C2E15A5005A30A5 /* SetGameApp.swift in Sources */,
				052F3FA52C34BF850057785B /* CardConstructer.swift in Sources */,
			);
			runOnlyForDeploymentPostprocessing = 0;
		};
		051F42942C2E15A6005A30A5 /* Sources */ = {
			isa = PBXSourcesBuildPhase;
			buildActionMask = 2147483647;
			files = (
				051F429D2C2E15A6005A30A5 /* SetGameTests.swift in Sources */,
			);
			runOnlyForDeploymentPostprocessing = 0;
		};
		051F429E2C2E15A6005A30A5 /* Sources */ = {
			isa = PBXSourcesBuildPhase;
			buildActionMask = 2147483647;
			files = (
				051F42A72C2E15A6005A30A5 /* SetGameUITests.swift in Sources */,
				051F42A92C2E15A6005A30A5 /* SetGameUITestsLaunchTests.swift in Sources */,
			);
			runOnlyForDeploymentPostprocessing = 0;
		};
/* End PBXSourcesBuildPhase section */

/* Begin PBXTargetDependency section */
		051F429A2C2E15A6005A30A5 /* PBXTargetDependency */ = {
			isa = PBXTargetDependency;
			target = 051F42872C2E15A5005A30A5 /* SetGame */;
			targetProxy = 051F42992C2E15A6005A30A5 /* PBXContainerItemProxy */;
		};
		051F42A42C2E15A6005A30A5 /* PBXTargetDependency */ = {
			isa = PBXTargetDependency;
			target = 051F42872C2E15A5005A30A5 /* SetGame */;
			targetProxy = 051F42A32C2E15A6005A30A5 /* PBXContainerItemProxy */;
		};
/* End PBXTargetDependency section */

/* Begin XCBuildConfiguration section */
		051F42AA2C2E15A6005A30A5 /* Debug */ = {
			isa = XCBuildConfiguration;
			buildSettings = {
				ALWAYS_SEARCH_USER_PATHS = NO;
				ASSETCATALOG_COMPILER_GENERATE_SWIFT_ASSET_SYMBOL_EXTENSIONS = YES;
				CLANG_ANALYZER_NONNULL = YES;
				CLANG_ANALYZER_NUMBER_OBJECT_CONVERSION = YES_AGGRESSIVE;
				CLANG_CXX_LANGUAGE_STANDARD = "gnu++20";
				CLANG_ENABLE_MODULES = YES;
				CLANG_ENABLE_OBJC_ARC = YES;
				CLANG_ENABLE_OBJC_WEAK = YES;
				CLANG_WARN_BLOCK_CAPTURE_AUTORELEASING = YES;
				CLANG_WARN_BOOL_CONVERSION = YES;
				CLANG_WARN_COMMA = YES;
				CLANG_WARN_CONSTANT_CONVERSION = YES;
				CLANG_WARN_DEPRECATED_OBJC_IMPLEMENTATIONS = YES;
				CLANG_WARN_DIRECT_OBJC_ISA_USAGE = YES_ERROR;
				CLANG_WARN_DOCUMENTATION_COMMENTS = YES;
				CLANG_WARN_EMPTY_BODY = YES;
				CLANG_WARN_ENUM_CONVERSION = YES;
				CLANG_WARN_INFINITE_RECURSION = YES;
				CLANG_WARN_INT_CONVERSION = YES;
				CLANG_WARN_NON_LITERAL_NULL_CONVERSION = YES;
				CLANG_WARN_OBJC_IMPLICIT_RETAIN_SELF = YES;
				CLANG_WARN_OBJC_LITERAL_CONVERSION = YES;
				CLANG_WARN_OBJC_ROOT_CLASS = YES_ERROR;
				CLANG_WARN_QUOTED_INCLUDE_IN_FRAMEWORK_HEADER = YES;
				CLANG_WARN_RANGE_LOOP_ANALYSIS = YES;
				CLANG_WARN_STRICT_PROTOTYPES = YES;
				CLANG_WARN_SUSPICIOUS_MOVE = YES;
				CLANG_WARN_UNGUARDED_AVAILABILITY = YES_AGGRESSIVE;
				CLANG_WARN_UNREACHABLE_CODE = YES;
				CLANG_WARN__DUPLICATE_METHOD_MATCH = YES;
				COPY_PHASE_STRIP = NO;
				DEBUG_INFORMATION_FORMAT = dwarf;
				ENABLE_STRICT_OBJC_MSGSEND = YES;
				ENABLE_TESTABILITY = YES;
				ENABLE_USER_SCRIPT_SANDBOXING = YES;
				GCC_C_LANGUAGE_STANDARD = gnu17;
				GCC_DYNAMIC_NO_PIC = NO;
				GCC_NO_COMMON_BLOCKS = YES;
				GCC_OPTIMIZATION_LEVEL = 0;
				GCC_PREPROCESSOR_DEFINITIONS = (
					"DEBUG=1",
					"$(inherited)",
				);
				GCC_WARN_64_TO_32_BIT_CONVERSION = YES;
				GCC_WARN_ABOUT_RETURN_TYPE = YES_ERROR;
				GCC_WARN_UNDECLARED_SELECTOR = YES;
				GCC_WARN_UNINITIALIZED_AUTOS = YES_AGGRESSIVE;
				GCC_WARN_UNUSED_FUNCTION = YES;
				GCC_WARN_UNUSED_VARIABLE = YES;
				IPHONEOS_DEPLOYMENT_TARGET = 17.2;
				LOCALIZATION_PREFERS_STRING_CATALOGS = YES;
				MTL_ENABLE_DEBUG_INFO = INCLUDE_SOURCE;
				MTL_FAST_MATH = YES;
				ONLY_ACTIVE_ARCH = YES;
				SDKROOT = iphoneos;
				SWIFT_ACTIVE_COMPILATION_CONDITIONS = "DEBUG $(inherited)";
				SWIFT_OPTIMIZATION_LEVEL = "-Onone";
			};
			name = Debug;
		};
		051F42AB2C2E15A6005A30A5 /* Release */ = {
			isa = XCBuildConfiguration;
			buildSettings = {
				ALWAYS_SEARCH_USER_PATHS = NO;
				ASSETCATALOG_COMPILER_GENERATE_SWIFT_ASSET_SYMBOL_EXTENSIONS = YES;
				CLANG_ANALYZER_NONNULL = YES;
				CLANG_ANALYZER_NUMBER_OBJECT_CONVERSION = YES_AGGRESSIVE;
				CLANG_CXX_LANGUAGE_STANDARD = "gnu++20";
				CLANG_ENABLE_MODULES = YES;
				CLANG_ENABLE_OBJC_ARC = YES;
				CLANG_ENABLE_OBJC_WEAK = YES;
				CLANG_WARN_BLOCK_CAPTURE_AUTORELEASING = YES;
				CLANG_WARN_BOOL_CONVERSION = YES;
				CLANG_WARN_COMMA = YES;
				CLANG_WARN_CONSTANT_CONVERSION = YES;
				CLANG_WARN_DEPRECATED_OBJC_IMPLEMENTATIONS = YES;
				CLANG_WARN_DIRECT_OBJC_ISA_USAGE = YES_ERROR;
				CLANG_WARN_DOCUMENTATION_COMMENTS = YES;
				CLANG_WARN_EMPTY_BODY = YES;
				CLANG_WARN_ENUM_CONVERSION = YES;
				CLANG_WARN_INFINITE_RECURSION = YES;
				CLANG_WARN_INT_CONVERSION = YES;
				CLANG_WARN_NON_LITERAL_NULL_CONVERSION = YES;
				CLANG_WARN_OBJC_IMPLICIT_RETAIN_SELF = YES;
				CLANG_WARN_OBJC_LITERAL_CONVERSION = YES;
				CLANG_WARN_OBJC_ROOT_CLASS = YES_ERROR;
				CLANG_WARN_QUOTED_INCLUDE_IN_FRAMEWORK_HEADER = YES;
				CLANG_WARN_RANGE_LOOP_ANALYSIS = YES;
				CLANG_WARN_STRICT_PROTOTYPES = YES;
				CLANG_WARN_SUSPICIOUS_MOVE = YES;
				CLANG_WARN_UNGUARDED_AVAILABILITY = YES_AGGRESSIVE;
				CLANG_WARN_UNREACHABLE_CODE = YES;
				CLANG_WARN__DUPLICATE_METHOD_MATCH = YES;
				COPY_PHASE_STRIP = NO;
				DEBUG_INFORMATION_FORMAT = "dwarf-with-dsym";
				ENABLE_NS_ASSERTIONS = NO;
				ENABLE_STRICT_OBJC_MSGSEND = YES;
				ENABLE_USER_SCRIPT_SANDBOXING = YES;
				GCC_C_LANGUAGE_STANDARD = gnu17;
				GCC_NO_COMMON_BLOCKS = YES;
				GCC_WARN_64_TO_32_BIT_CONVERSION = YES;
				GCC_WARN_ABOUT_RETURN_TYPE = YES_ERROR;
				GCC_WARN_UNDECLARED_SELECTOR = YES;
				GCC_WARN_UNINITIALIZED_AUTOS = YES_AGGRESSIVE;
				GCC_WARN_UNUSED_FUNCTION = YES;
				GCC_WARN_UNUSED_VARIABLE = YES;
				IPHONEOS_DEPLOYMENT_TARGET = 17.2;
				LOCALIZATION_PREFERS_STRING_CATALOGS = YES;
				MTL_ENABLE_DEBUG_INFO = NO;
				MTL_FAST_MATH = YES;
				SDKROOT = iphoneos;
				SWIFT_COMPILATION_MODE = wholemodule;
				VALIDATE_PRODUCT = YES;
			};
			name = Release;
		};
		051F42AD2C2E15A6005A30A5 /* Debug */ = {
			isa = XCBuildConfiguration;
			buildSettings = {
				ASSETCATALOG_COMPILER_APPICON_NAME = AppIcon;
				ASSETCATALOG_COMPILER_GLOBAL_ACCENT_COLOR_NAME = AccentColor;
				CODE_SIGN_STYLE = Automatic;
				CURRENT_PROJECT_VERSION = 1;
				DEVELOPMENT_ASSET_PATHS = "\"SetGame/Preview Content\"";
				DEVELOPMENT_TEAM = WFGF5BB67K;
				ENABLE_PREVIEWS = YES;
				GENERATE_INFOPLIST_FILE = YES;
				INFOPLIST_KEY_UIApplicationSceneManifest_Generation = YES;
				INFOPLIST_KEY_UIApplicationSupportsIndirectInputEvents = YES;
				INFOPLIST_KEY_UILaunchScreen_Generation = YES;
				INFOPLIST_KEY_UISupportedInterfaceOrientations_iPad = "UIInterfaceOrientationPortrait UIInterfaceOrientationPortraitUpsideDown UIInterfaceOrientationLandscapeLeft UIInterfaceOrientationLandscapeRight";
				INFOPLIST_KEY_UISupportedInterfaceOrientations_iPhone = "UIInterfaceOrientationPortrait UIInterfaceOrientationLandscapeLeft UIInterfaceOrientationLandscapeRight";
				LD_RUNPATH_SEARCH_PATHS = (
					"$(inherited)",
					"@executable_path/Frameworks",
				);
				MARKETING_VERSION = 1.0;
				PRODUCT_BUNDLE_IDENTIFIER = com.sara.switfui.SetGame;
				PRODUCT_NAME = "$(TARGET_NAME)";
				SWIFT_EMIT_LOC_STRINGS = YES;
				SWIFT_VERSION = 5.0;
				TARGETED_DEVICE_FAMILY = "1,2";
			};
			name = Debug;
		};
		051F42AE2C2E15A6005A30A5 /* Release */ = {
			isa = XCBuildConfiguration;
			buildSettings = {
				ASSETCATALOG_COMPILER_APPICON_NAME = AppIcon;
				ASSETCATALOG_COMPILER_GLOBAL_ACCENT_COLOR_NAME = AccentColor;
				CODE_SIGN_STYLE = Automatic;
				CURRENT_PROJECT_VERSION = 1;
				DEVELOPMENT_ASSET_PATHS = "\"SetGame/Preview Content\"";
				DEVELOPMENT_TEAM = WFGF5BB67K;
				ENABLE_PREVIEWS = YES;
				GENERATE_INFOPLIST_FILE = YES;
				INFOPLIST_KEY_UIApplicationSceneManifest_Generation = YES;
				INFOPLIST_KEY_UIApplicationSupportsIndirectInputEvents = YES;
				INFOPLIST_KEY_UILaunchScreen_Generation = YES;
				INFOPLIST_KEY_UISupportedInterfaceOrientations_iPad = "UIInterfaceOrientationPortrait UIInterfaceOrientationPortraitUpsideDown UIInterfaceOrientationLandscapeLeft UIInterfaceOrientationLandscapeRight";
				INFOPLIST_KEY_UISupportedInterfaceOrientations_iPhone = "UIInterfaceOrientationPortrait UIInterfaceOrientationLandscapeLeft UIInterfaceOrientationLandscapeRight";
				LD_RUNPATH_SEARCH_PATHS = (
					"$(inherited)",
					"@executable_path/Frameworks",
				);
				MARKETING_VERSION = 1.0;
				PRODUCT_BUNDLE_IDENTIFIER = com.sara.switfui.SetGame;
				PRODUCT_NAME = "$(TARGET_NAME)";
				SWIFT_EMIT_LOC_STRINGS = YES;
				SWIFT_VERSION = 5.0;
				TARGETED_DEVICE_FAMILY = "1,2";
			};
			name = Release;
		};
		051F42B02C2E15A6005A30A5 /* Debug */ = {
			isa = XCBuildConfiguration;
			buildSettings = {
				ALWAYS_EMBED_SWIFT_STANDARD_LIBRARIES = YES;
				BUNDLE_LOADER = "$(TEST_HOST)";
				CODE_SIGN_STYLE = Automatic;
				CURRENT_PROJECT_VERSION = 1;
				GENERATE_INFOPLIST_FILE = YES;
				IPHONEOS_DEPLOYMENT_TARGET = 17.2;
				MARKETING_VERSION = 1.0;
				PRODUCT_BUNDLE_IDENTIFIER = com.sara.switfui.SetGameTests;
				PRODUCT_NAME = "$(TARGET_NAME)";
				SWIFT_EMIT_LOC_STRINGS = NO;
				SWIFT_VERSION = 5.0;
				TARGETED_DEVICE_FAMILY = "1,2";
				TEST_HOST = "$(BUILT_PRODUCTS_DIR)/SetGame.app/$(BUNDLE_EXECUTABLE_FOLDER_PATH)/SetGame";
			};
			name = Debug;
		};
		051F42B12C2E15A6005A30A5 /* Release */ = {
			isa = XCBuildConfiguration;
			buildSettings = {
				ALWAYS_EMBED_SWIFT_STANDARD_LIBRARIES = YES;
				BUNDLE_LOADER = "$(TEST_HOST)";
				CODE_SIGN_STYLE = Automatic;
				CURRENT_PROJECT_VERSION = 1;
				GENERATE_INFOPLIST_FILE = YES;
				IPHONEOS_DEPLOYMENT_TARGET = 17.2;
				MARKETING_VERSION = 1.0;
				PRODUCT_BUNDLE_IDENTIFIER = com.sara.switfui.SetGameTests;
				PRODUCT_NAME = "$(TARGET_NAME)";
				SWIFT_EMIT_LOC_STRINGS = NO;
				SWIFT_VERSION = 5.0;
				TARGETED_DEVICE_FAMILY = "1,2";
				TEST_HOST = "$(BUILT_PRODUCTS_DIR)/SetGame.app/$(BUNDLE_EXECUTABLE_FOLDER_PATH)/SetGame";
			};
			name = Release;
		};
		051F42B32C2E15A6005A30A5 /* Debug */ = {
			isa = XCBuildConfiguration;
			buildSettings = {
				ALWAYS_EMBED_SWIFT_STANDARD_LIBRARIES = YES;
				CODE_SIGN_STYLE = Automatic;
				CURRENT_PROJECT_VERSION = 1;
				GENERATE_INFOPLIST_FILE = YES;
				MARKETING_VERSION = 1.0;
				PRODUCT_BUNDLE_IDENTIFIER = com.sara.switfui.SetGameUITests;
				PRODUCT_NAME = "$(TARGET_NAME)";
				SWIFT_EMIT_LOC_STRINGS = NO;
				SWIFT_VERSION = 5.0;
				TARGETED_DEVICE_FAMILY = "1,2";
				TEST_TARGET_NAME = SetGame;
			};
			name = Debug;
		};
		051F42B42C2E15A6005A30A5 /* Release */ = {
			isa = XCBuildConfiguration;
			buildSettings = {
				ALWAYS_EMBED_SWIFT_STANDARD_LIBRARIES = YES;
				CODE_SIGN_STYLE = Automatic;
				CURRENT_PROJECT_VERSION = 1;
				GENERATE_INFOPLIST_FILE = YES;
				MARKETING_VERSION = 1.0;
				PRODUCT_BUNDLE_IDENTIFIER = com.sara.switfui.SetGameUITests;
				PRODUCT_NAME = "$(TARGET_NAME)";
				SWIFT_EMIT_LOC_STRINGS = NO;
				SWIFT_VERSION = 5.0;
				TARGETED_DEVICE_FAMILY = "1,2";
				TEST_TARGET_NAME = SetGame;
			};
			name = Release;
		};
/* End XCBuildConfiguration section */

/* Begin XCConfigurationList section */
		051F42832C2E15A5005A30A5 /* Build configuration list for PBXProject "SetGame" */ = {
			isa = XCConfigurationList;
			buildConfigurations = (
				051F42AA2C2E15A6005A30A5 /* Debug */,
				051F42AB2C2E15A6005A30A5 /* Release */,
			);
			defaultConfigurationIsVisible = 0;
			defaultConfigurationName = Release;
		};
		051F42AC2C2E15A6005A30A5 /* Build configuration list for PBXNativeTarget "SetGame" */ = {
			isa = XCConfigurationList;
			buildConfigurations = (
				051F42AD2C2E15A6005A30A5 /* Debug */,
				051F42AE2C2E15A6005A30A5 /* Release */,
			);
			defaultConfigurationIsVisible = 0;
			defaultConfigurationName = Release;
		};
		051F42AF2C2E15A6005A30A5 /* Build configuration list for PBXNativeTarget "SetGameTests" */ = {
			isa = XCConfigurationList;
			buildConfigurations = (
				051F42B02C2E15A6005A30A5 /* Debug */,
				051F42B12C2E15A6005A30A5 /* Release */,
			);
			defaultConfigurationIsVisible = 0;
			defaultConfigurationName = Release;
		};
		051F42B22C2E15A6005A30A5 /* Build configuration list for PBXNativeTarget "SetGameUITests" */ = {
			isa = XCConfigurationList;
			buildConfigurations = (
				051F42B32C2E15A6005A30A5 /* Debug */,
				051F42B42C2E15A6005A30A5 /* Release */,
			);
			defaultConfigurationIsVisible = 0;
			defaultConfigurationName = Release;
		};
/* End XCConfigurationList section */
	};
	rootObject = 051F42802C2E15A5005A30A5 /* Project object */;
}
